
Microsoft Visual Studio Solution File, Format Version 12.00
# Visual Studio Version 17
VisualStudioVersion = 17.6.33829.357
MinimumVisualStudioVersion = 10.0.40219.1
Project("{FAE04EC0-301F-11D3-BF4B-00C04F79EFBC}") = "examenFinalBALM", "examenFinalBALM.csproj", "{D2DC8858-562B-407D-9996-05D700186E40}"
EndProject
Global
	GlobalSection(SolutionConfigurationPlatforms) = preSolution
		Debug|Any CPU = Debug|Any CPU
		Release|Any CPU = Release|Any CPU
	EndGlobalSection
	GlobalSection(ProjectConfigurationPlatforms) = postSolution
		{D2DC8858-562B-407D-9996-05D700186E40}.Debug|Any CPU.ActiveCfg = Debug|Any CPU
		{D2DC8858-562B-407D-9996-05D700186E40}.Debug|Any CPU.Build.0 = Debug|Any CPU
		{D2DC8858-562B-407D-9996-05D700186E40}.Release|Any CPU.ActiveCfg = Release|Any CPU
		{D2DC8858-562B-407D-9996-05D700186E40}.Release|Any CPU.Build.0 = Release|Any CPU
	EndGlobalSection
	GlobalSection(SolutionProperties) = preSolution
		HideSolutionNode = FALSE
	EndGlobalSection
	GlobalSection(ExtensibilityGlobals) = postSolution
		SolutionGuid = {335B0521-C6D3-436E-8744-3758D6CC1946}
	EndGlobalSection
EndGlobal
